
Microsoft Visual Studio Solution File, Format Version 12.00
# Visual Studio 15
VisualStudioVersion = 15.0.26730.12
MinimumVisualStudioVersion = 10.0.40219.1
Project("{FAE04EC0-301F-11D3-BF4B-00C04F79EFBC}") = "CNV-Intranet", "CNV-Intranet\CNV-Intranet.csproj", "{F8457DB0-62A1-4904-88E6-0F764AE4B11F}"
EndProject
Project("{FAE04EC0-301F-11D3-BF4B-00C04F79EFBC}") = "Intranet", "CNV-OLD Intranet\Intranet.csproj", "{FDB029E0-E433-4B6B-9459-AE065610574A}"
EndProject
Global
	GlobalSection(SolutionConfigurationPlatforms) = preSolution
		Debug|Any CPU = Debug|Any CPU
		Release|Any CPU = Release|Any CPU
	EndGlobalSection
	GlobalSection(ProjectConfigurationPlatforms) = postSolution
		{F8457DB0-62A1-4904-88E6-0F764AE4B11F}.Debug|Any CPU.ActiveCfg = Debug|Any CPU
		{F8457DB0-62A1-4904-88E6-0F764AE4B11F}.Debug|Any CPU.Build.0 = Debug|Any CPU
		{F8457DB0-62A1-4904-88E6-0F764AE4B11F}.Release|Any CPU.ActiveCfg = Release|Any CPU
		{F8457DB0-62A1-4904-88E6-0F764AE4B11F}.Release|Any CPU.Build.0 = Release|Any CPU
		{FDB029E0-E433-4B6B-9459-AE065610574A}.Debug|Any CPU.ActiveCfg = Debug|Any CPU
		{FDB029E0-E433-4B6B-9459-AE065610574A}.Debug|Any CPU.Build.0 = Debug|Any CPU
		{FDB029E0-E433-4B6B-9459-AE065610574A}.Release|Any CPU.ActiveCfg = Release|Any CPU
		{FDB029E0-E433-4B6B-9459-AE065610574A}.Release|Any CPU.Build.0 = Release|Any CPU
	EndGlobalSection
	GlobalSection(SolutionProperties) = preSolution
		HideSolutionNode = FALSE
	EndGlobalSection
	GlobalSection(ExtensibilityGlobals) = postSolution
		SolutionGuid = {C5DC683D-C101-4D65-BB96-7E439B470936}
	EndGlobalSection
	GlobalSection(TeamFoundationVersionControl) = preSolution
		SccNumberOfProjects = 3
		SccEnterpriseProvider = {4CA58AB2-18FA-4F8D-95D4-32DDF27D184C}
		SccTeamFoundationServer = https://mas54-cnv.visualstudio.com/
		SccLocalPath0 = .
		SccProjectUniqueName1 = CNV-Intranet\\CNV-Intranet.csproj
		SccProjectName1 = CNV-Intranet
		SccLocalPath1 = CNV-Intranet
		SccProjectUniqueName2 = CNV-OLD\u0020Intranet\\Intranet.csproj
		SccProjectName2 = CNV-OLD\u0020Intranet
		SccLocalPath2 = CNV-OLD\u0020Intranet
	EndGlobalSection
EndGlobal
